{
  "name": "@tanukimcp/llm-enhanced",
  "version": "1.0.0",
  "lockfileVersion": 3,
  "requires": true,
  "packages": {
    "": {
      "name": "@tanukimcp/llm-enhanced",
      "version": "1.0.0",
      "dependencies": {
        "async": "^3.2.4",
        "eventemitter3": "^5.0.1",
        "lodash": "^4.17.21",
        "uuid": "^9.0.1"
      },
      "devDependencies": {
        "@types/async": "^3.2.24",
        "@types/lodash": "^4.14.202",
        "@types/uuid": "^9.0.7",
        "typescript": "^5.3.0"
      }
    },
    "node_modules/@types/async": {
      "version": "3.2.24",
      "resolved": "https://registry.npmjs.org/@types/async/-/async-3.2.24.tgz",
      "integrity": "sha512-8iHVLHsCCOBKjCF2KwFe0p9Z3rfM9mL+sSP8btyR5vTjJRAqpBYD28/ZLgXPf0pjG1VxOvtCV/BgXkQbpSe8Hw==",
      "dev": true,
      "license": "MIT"
    },
    "node_modules/@types/lodash": {
      "version": "4.17.17",
      "resolved": "https://registry.npmjs.org/@types/lodash/-/lodash-4.17.17.tgz",
      "integrity": "sha512-RRVJ+J3J+WmyOTqnz3PiBLA501eKwXl2noseKOrNo/6+XEHjTAxO4xHvxQB6QuNm+s4WRbn6rSiap8+EA+ykFQ==",
      "dev": true,
      "license": "MIT"
    },
    "node_modules/@types/uuid": {
      "version": "9.0.8",
      "resolved": "https://registry.npmjs.org/@types/uuid/-/uuid-9.0.8.tgz",
      "integrity": "sha512-jg+97EGIcY9AGHJJRaaPVgetKDsrTgbRjQ5Msgjh/DQKEFl0DtyRr/VCOyD1T2R1MNeWPK/u7JoGhlDZnKBAfA==",
      "dev": true,
      "license": "MIT"
    },
    "node_modules/async": {
      "version": "3.2.6",
      "resolved": "https://registry.npmjs.org/async/-/async-3.2.6.tgz",
      "integrity": "sha512-htCUDlxyyCLMgaM3xXg0C0LW2xqfuQ6p05pCEIsXuyQ+a1koYKTuBMzRNwmybfLgvJDMd0r1LTn4+E0Ti6C2AA==",
      "license": "MIT"
    },
    "node_modules/eventemitter3": {
      "version": "5.0.1",
      "resolved": "https://registry.npmjs.org/eventemitter3/-/eventemitter3-5.0.1.tgz",
      "integrity": "sha512-GWkBvjiSZK87ELrYOSESUYeVIc9mvLLf/nXalMOS5dYrgZq9o5OVkbZAVM06CVxYsCwH9BDZFPlQTlPA1j4ahA==",
      "license": "MIT"
    },
    "node_modules/lodash": {
      "version": "4.17.21",
      "resolved": "https://registry.npmjs.org/lodash/-/lodash-4.17.21.tgz",
      "integrity": "sha512-v2kDEe57lecTulaDIuNTPy3Ry4gLGJ6Z1O3vE1krgXZNrsQ+LFTGHVxVjcXPs17LhbZVGedAJv8XZ1tvj5FvSg==",
      "license": "MIT"
    },
    "node_modules/typescript": {
      "version": "5.8.3",
      "resolved": "https://registry.npmjs.org/typescript/-/typescript-5.8.3.tgz",
      "integrity": "sha512-p1diW6TqL9L07nNxvRMM7hMMw4c5XOo/1ibL4aAIGmSAt9slTE1Xgw5KWuof2uTOvCg9BY7ZRi+GaF+7sfgPeQ==",
      "dev": true,
      "license": "Apache-2.0",
      "bin": {
        "tsc": "bin/tsc",
        "tsserver": "bin/tsserver"
      },
      "engines": {
        "node": ">=14.17"
      }
    },
    "node_modules/uuid": {
      "version": "9.0.1",
      "resolved": "https://registry.npmjs.org/uuid/-/uuid-9.0.1.tgz",
      "integrity": "sha512-b+1eJOlsR9K8HJpow9Ok3fiWOWSIcIzXodvv0rQjVoOVNpWMpxf1wZNpt4y9h10odCNrqnYp1OBzRktckBe3sA==",
      "funding": [
        "https://github.com/sponsors/broofa",
        "https://github.com/sponsors/ctavan"
      ],
      "license": "MIT",
      "bin": {
        "uuid": "dist/bin/uuid"
      }
    }
  }
}
